
Microsoft Visual Studio Solution File, Format Version 11.00
# Visual Studio Version 17

Project("{8BC9CEB8-8B4A-11D0-8D11-00A0C91BC942}") = "simpleEQ - Standalone Plugin", "simpleEQ_StandalonePlugin.vcxproj", "{7231ED8E-2C30-0BC1-FA1D-2317663B5177}"
	ProjectSection(ProjectDependencies) = postProject
		{8922F12C-0687-D0E7-F0A8-6813FF28713E} = {8922F12C-0687-D0E7-F0A8-6813FF28713E}
	EndProjectSection
EndProject
Project("{8BC9CEB8-8B4A-11D0-8D11-00A0C91BC942}") = "simpleEQ - VST3", "simpleEQ_VST3.vcxproj", "{F4A4C8D9-BA84-947F-4D46-E26CD07BF0A0}"
	ProjectSection(ProjectDependencies) = postProject
		{8922F12C-0687-D0E7-F0A8-6813FF28713E} = {8922F12C-0687-D0E7-F0A8-6813FF28713E}
	EndProjectSection
EndProject
Project("{8BC9CEB8-8B4A-11D0-8D11-00A0C91BC942}") = "simpleEQ - Shared Code", "simpleEQ_SharedCode.vcxproj", "{8922F12C-0687-D0E7-F0A8-6813FF28713E}"
EndProject
Global
	GlobalSection(SolutionConfigurationPlatforms) = preSolution
		Debug|x64 = Debug|x64
		Release|x64 = Release|x64
	EndGlobalSection
	GlobalSection(ProjectConfigurationPlatforms) = postSolution
		{F4A4C8D9-BA84-947F-4D46-E26CD07BF0A0}.Debug|x64.ActiveCfg = Debug|x64
		{F4A4C8D9-BA84-947F-4D46-E26CD07BF0A0}.Debug|x64.Build.0 = Debug|x64
		{F4A4C8D9-BA84-947F-4D46-E26CD07BF0A0}.Release|x64.ActiveCfg = Release|x64
		{F4A4C8D9-BA84-947F-4D46-E26CD07BF0A0}.Release|x64.Build.0 = Release|x64
		{7231ED8E-2C30-0BC1-FA1D-2317663B5177}.Debug|x64.ActiveCfg = Debug|x64
		{7231ED8E-2C30-0BC1-FA1D-2317663B5177}.Debug|x64.Build.0 = Debug|x64
		{7231ED8E-2C30-0BC1-FA1D-2317663B5177}.Release|x64.ActiveCfg = Release|x64
		{7231ED8E-2C30-0BC1-FA1D-2317663B5177}.Release|x64.Build.0 = Release|x64
		{8922F12C-0687-D0E7-F0A8-6813FF28713E}.Debug|x64.ActiveCfg = Debug|x64
		{8922F12C-0687-D0E7-F0A8-6813FF28713E}.Debug|x64.Build.0 = Debug|x64
		{8922F12C-0687-D0E7-F0A8-6813FF28713E}.Release|x64.ActiveCfg = Release|x64
		{8922F12C-0687-D0E7-F0A8-6813FF28713E}.Release|x64.Build.0 = Release|x64
	EndGlobalSection
	GlobalSection(SolutionProperties) = preSolution
		HideSolutionNode = FALSE
	EndGlobalSection
EndGlobal
